// !$*UTF8*$!
{
	archiveVersion = 1;
	classes = {
	};
	objectVersion = 77;
	objects = {

/* Begin PBXBuildFile section */
		02DC868ED3B24B45C5E8E754 /* CommunitasKit in Frameworks */ = {isa = PBXBuildFile; productRef = 02DEEEE3E564F1829CB84FE9 /* CommunitasKit */; };
		02F9DE360843FE7279EA6835 /* ContentView.swift in Sources */ = {isa = PBXBuildFile; fileRef = A1CDC6B65D8B00DE23506D78 /* ContentView.swift */; };
		0F2E023AE3E90D1233A52200 /* CommunitasBindings.xcframework in Frameworks */ = {isa = PBXBuildFile; fileRef = 006EB6B80B3E8A3833CEA6DD /* CommunitasBindings.xcframework */; };
		1DC2D8172C0820F296D12886 /* communitas-icon.png in Resources */ = {isa = PBXBuildFile; fileRef = 18F6023EF0F87FF13E9F3EAF /* communitas-icon.png */; };
		471BD5D398B7AF18592F0093 /* AuthenticationView.swift in Sources */ = {isa = PBXBuildFile; fileRef = AE208F579B86C0695689F6BB /* AuthenticationView.swift */; };
		501F14DB70933BD14BDE8A45 /* communitas-favicon.png in Resources */ = {isa = PBXBuildFile; fileRef = 9FF37E4049BDD9003C5FCC4D /* communitas-favicon.png */; };
		539F5E3B7A3A55CF5006367C /* main.swift in Sources */ = {isa = PBXBuildFile; fileRef = 5199EC041516AC7BA7FC11CB /* main.swift */; };
		5C526272B85832BAF55BFA43 /* SidebarView.swift in Sources */ = {isa = PBXBuildFile; fileRef = A6A9F041B9E547DED589E33E /* SidebarView.swift */; };
		7485CD824E8335AB23CEDBFC /* main.swift in Sources */ = {isa = PBXBuildFile; fileRef = 5199EC041516AC7BA7FC11CB /* main.swift */; };
		760B5C0CDAF83977BDE0BE62 /* CommunitasKit in Frameworks */ = {isa = PBXBuildFile; productRef = A53FEE7CD2663BA01177E793 /* CommunitasKit */; };
		867D92FA8F4A96764546308A /* ContentView.swift in Sources */ = {isa = PBXBuildFile; fileRef = A1CDC6B65D8B00DE23506D78 /* ContentView.swift */; };
		993CC06835B8425223466392 /* communitas-icon.png in Resources */ = {isa = PBXBuildFile; fileRef = 18F6023EF0F87FF13E9F3EAF /* communitas-icon.png */; };
		AD47F5F51A24E45683FB470C /* communitas-splash.png in Resources */ = {isa = PBXBuildFile; fileRef = 5835BE2074B86C8B9F2D140D /* communitas-splash.png */; };
		BC35FE518941D8D4E4159F6C /* SidebarView.swift in Sources */ = {isa = PBXBuildFile; fileRef = A6A9F041B9E547DED589E33E /* SidebarView.swift */; };
		BF70865F8B4D45F8FD28942F /* CommunitasApp.swift in Sources */ = {isa = PBXBuildFile; fileRef = C51901790A0F840183C9BEB5 /* CommunitasApp.swift */; };
		EA5E909100E371764D2ED3A5 /* CommunitasApp.swift in Sources */ = {isa = PBXBuildFile; fileRef = C51901790A0F840183C9BEB5 /* CommunitasApp.swift */; };
		F7ECABF225821E3BC65F3B83 /* communitas-favicon.png in Resources */ = {isa = PBXBuildFile; fileRef = 9FF37E4049BDD9003C5FCC4D /* communitas-favicon.png */; };
		FABD16D63EA116D80A7E7101 /* communitas-splash.png in Resources */ = {isa = PBXBuildFile; fileRef = 5835BE2074B86C8B9F2D140D /* communitas-splash.png */; };
		FAF6F1A3B35F3FB4E7AAE72C /* AuthenticationView.swift in Sources */ = {isa = PBXBuildFile; fileRef = AE208F579B86C0695689F6BB /* AuthenticationView.swift */; };
/* End PBXBuildFile section */

/* Begin PBXFileReference section */
		006EB6B80B3E8A3833CEA6DD /* CommunitasBindings.xcframework */ = {isa = PBXFileReference; lastKnownFileType = wrapper.xcframework; path = CommunitasBindings.xcframework; sourceTree = "<group>"; };
		148D8043EEC3B7B7BCC90A0B /* Communitas-macOS.app */ = {isa = PBXFileReference; explicitFileType = wrapper.application; includeInIndex = 0; path = "Communitas-macOS.app"; sourceTree = BUILT_PRODUCTS_DIR; };
		18F6023EF0F87FF13E9F3EAF /* communitas-icon.png */ = {isa = PBXFileReference; lastKnownFileType = image.png; path = "communitas-icon.png"; sourceTree = "<group>"; };
		294C6EC721903F7D02D7482A /* CommunitasKit */ = {isa = PBXFileReference; lastKnownFileType = folder; name = CommunitasKit; path = CommunitasKit; sourceTree = SOURCE_ROOT; };
		5199EC041516AC7BA7FC11CB /* main.swift */ = {isa = PBXFileReference; lastKnownFileType = sourcecode.swift; path = main.swift; sourceTree = "<group>"; };
		5835BE2074B86C8B9F2D140D /* communitas-splash.png */ = {isa = PBXFileReference; lastKnownFileType = image.png; path = "communitas-splash.png"; sourceTree = "<group>"; };
		9CE299228E846708AA57AD88 /* Info.plist */ = {isa = PBXFileReference; lastKnownFileType = text.plist; path = Info.plist; sourceTree = "<group>"; };
		9FF37E4049BDD9003C5FCC4D /* communitas-favicon.png */ = {isa = PBXFileReference; lastKnownFileType = image.png; path = "communitas-favicon.png"; sourceTree = "<group>"; };
		A1CDC6B65D8B00DE23506D78 /* ContentView.swift */ = {isa = PBXFileReference; lastKnownFileType = sourcecode.swift; path = ContentView.swift; sourceTree = "<group>"; };
		A6A9F041B9E547DED589E33E /* SidebarView.swift */ = {isa = PBXFileReference; lastKnownFileType = sourcecode.swift; path = SidebarView.swift; sourceTree = "<group>"; };
		AE208F579B86C0695689F6BB /* AuthenticationView.swift */ = {isa = PBXFileReference; lastKnownFileType = sourcecode.swift; path = AuthenticationView.swift; sourceTree = "<group>"; };
		C51901790A0F840183C9BEB5 /* CommunitasApp.swift */ = {isa = PBXFileReference; lastKnownFileType = sourcecode.swift; path = CommunitasApp.swift; sourceTree = "<group>"; };
		DA1DB695A12B3F438418E465 /* Communitas-iOS.app */ = {isa = PBXFileReference; includeInIndex = 0; lastKnownFileType = wrapper.application; path = "Communitas-iOS.app"; sourceTree = BUILT_PRODUCTS_DIR; };
/* End PBXFileReference section */

/* Begin PBXFrameworksBuildPhase section */
		1C14FC3CDC41DD304EE0E163 /* Frameworks */ = {
			isa = PBXFrameworksBuildPhase;
			buildActionMask = 2147483647;
			files = (
				760B5C0CDAF83977BDE0BE62 /* CommunitasKit in Frameworks */,
				0F2E023AE3E90D1233A52200 /* CommunitasBindings.xcframework in Frameworks */,
			);
			runOnlyForDeploymentPostprocessing = 0;
		};
		2B48F79B5639AF79AED57A0C /* Frameworks */ = {
			isa = PBXFrameworksBuildPhase;
			buildActionMask = 2147483647;
			files = (
				02DC868ED3B24B45C5E8E754 /* CommunitasKit in Frameworks */,
			);
			runOnlyForDeploymentPostprocessing = 0;
		};
/* End PBXFrameworksBuildPhase section */

/* Begin PBXGroup section */
		20F9F5DA5279FA08E14F4D77 = {
			isa = PBXGroup;
			children = (
				C4ECF90D87E8025B0E44B04C /* Packages */,
				61B641FF274D6D0D8C4C403B /* Sources */,
				4016E534F04EB206385CC1DA /* Frameworks */,
				C73B607A0A352E2A7701097E /* Products */,
			);
			sourceTree = "<group>";
		};
		4016E534F04EB206385CC1DA /* Frameworks */ = {
			isa = PBXGroup;
			children = (
				006EB6B80B3E8A3833CEA6DD /* CommunitasBindings.xcframework */,
			);
			name = Frameworks;
			sourceTree = "<group>";
		};
		61B641FF274D6D0D8C4C403B /* Sources */ = {
			isa = PBXGroup;
			children = (
				AE208F579B86C0695689F6BB /* AuthenticationView.swift */,
				9FF37E4049BDD9003C5FCC4D /* communitas-favicon.png */,
				18F6023EF0F87FF13E9F3EAF /* communitas-icon.png */,
				5835BE2074B86C8B9F2D140D /* communitas-splash.png */,
				C51901790A0F840183C9BEB5 /* CommunitasApp.swift */,
				A1CDC6B65D8B00DE23506D78 /* ContentView.swift */,
				9CE299228E846708AA57AD88 /* Info.plist */,
				5199EC041516AC7BA7FC11CB /* main.swift */,
				A6A9F041B9E547DED589E33E /* SidebarView.swift */,
			);
			name = Sources;
			path = CommunitasApp/Sources;
			sourceTree = "<group>";
		};
		C4ECF90D87E8025B0E44B04C /* Packages */ = {
			isa = PBXGroup;
			children = (
				294C6EC721903F7D02D7482A /* CommunitasKit */,
			);
			name = Packages;
			sourceTree = "<group>";
		};
		C73B607A0A352E2A7701097E /* Products */ = {
			isa = PBXGroup;
			children = (
				DA1DB695A12B3F438418E465 /* Communitas-iOS.app */,
				148D8043EEC3B7B7BCC90A0B /* Communitas-macOS.app */,
			);
			name = Products;
			sourceTree = "<group>";
		};
/* End PBXGroup section */

/* Begin PBXNativeTarget section */
		90EEBD2E0B43FAE54F3761DD /* Communitas-iOS */ = {
			isa = PBXNativeTarget;
			buildConfigurationList = 5C5A69017170F55A5ED566E4 /* Build configuration list for PBXNativeTarget "Communitas-iOS" */;
			buildPhases = (
				8BDBDBB16824C19526D029CC /* Sources */,
				28AEF827F6E68DB09EAF496A /* Resources */,
				1C14FC3CDC41DD304EE0E163 /* Frameworks */,
			);
			buildRules = (
			);
			dependencies = (
			);
			name = "Communitas-iOS";
			packageProductDependencies = (
				A53FEE7CD2663BA01177E793 /* CommunitasKit */,
			);
			productName = "Communitas-iOS";
			productReference = DA1DB695A12B3F438418E465 /* Communitas-iOS.app */;
			productType = "com.apple.product-type.application";
		};
		91ED59738784A592AAD66D2B /* Communitas-macOS */ = {
			isa = PBXNativeTarget;
			buildConfigurationList = 06CE9E9D8551373CDFFDCC3F /* Build configuration list for PBXNativeTarget "Communitas-macOS" */;
			buildPhases = (
				B3BF92122D16DD7AEF97ED62 /* Sources */,
				8FD03A1C5040C1272C8753C5 /* Resources */,
				2B48F79B5639AF79AED57A0C /* Frameworks */,
			);
			buildRules = (
			);
			dependencies = (
			);
			name = "Communitas-macOS";
			packageProductDependencies = (
				02DEEEE3E564F1829CB84FE9 /* CommunitasKit */,
			);
			productName = "Communitas-macOS";
			productReference = 148D8043EEC3B7B7BCC90A0B /* Communitas-macOS.app */;
			productType = "com.apple.product-type.application";
		};
/* End PBXNativeTarget section */

/* Begin PBXProject section */
		C0FE919F0E1E3D04A0A75FC7 /* Project object */ = {
			isa = PBXProject;
			attributes = {
				BuildIndependentTargetsInParallel = YES;
				LastUpgradeCheck = 1600;
				TargetAttributes = {
					90EEBD2E0B43FAE54F3761DD = {
						DevelopmentTeam = "";
					};
					91ED59738784A592AAD66D2B = {
						DevelopmentTeam = "";
					};
				};
			};
			buildConfigurationList = 551640E547E97AB1BEA75B4A /* Build configuration list for PBXProject "Communitas" */;
			compatibilityVersion = "Xcode 14.0";
			developmentRegion = en;
			hasScannedForEncodings = 0;
			knownRegions = (
				Base,
				en,
			);
			mainGroup = 20F9F5DA5279FA08E14F4D77;
			minimizedProjectReferenceProxies = 1;
			packageReferences = (
				FEF982B33FE4FD670CD22686 /* XCLocalSwiftPackageReference "CommunitasKit" */,
			);
			preferredProjectObjectVersion = 77;
			projectDirPath = "";
			projectRoot = "";
			targets = (
				90EEBD2E0B43FAE54F3761DD /* Communitas-iOS */,
				91ED59738784A592AAD66D2B /* Communitas-macOS */,
			);
		};
/* End PBXProject section */

/* Begin PBXResourcesBuildPhase section */
		28AEF827F6E68DB09EAF496A /* Resources */ = {
			isa = PBXResourcesBuildPhase;
			buildActionMask = 2147483647;
			files = (
				F7ECABF225821E3BC65F3B83 /* communitas-favicon.png in Resources */,
				993CC06835B8425223466392 /* communitas-icon.png in Resources */,
				AD47F5F51A24E45683FB470C /* communitas-splash.png in Resources */,
			);
			runOnlyForDeploymentPostprocessing = 0;
		};
		8FD03A1C5040C1272C8753C5 /* Resources */ = {
			isa = PBXResourcesBuildPhase;
			buildActionMask = 2147483647;
			files = (
				501F14DB70933BD14BDE8A45 /* communitas-favicon.png in Resources */,
				1DC2D8172C0820F296D12886 /* communitas-icon.png in Resources */,
				FABD16D63EA116D80A7E7101 /* communitas-splash.png in Resources */,
			);
			runOnlyForDeploymentPostprocessing = 0;
		};
/* End PBXResourcesBuildPhase section */

/* Begin PBXSourcesBuildPhase section */
		8BDBDBB16824C19526D029CC /* Sources */ = {
			isa = PBXSourcesBuildPhase;
			buildActionMask = 2147483647;
			files = (
				471BD5D398B7AF18592F0093 /* AuthenticationView.swift in Sources */,
				BF70865F8B4D45F8FD28942F /* CommunitasApp.swift in Sources */,
				02F9DE360843FE7279EA6835 /* ContentView.swift in Sources */,
				BC35FE518941D8D4E4159F6C /* SidebarView.swift in Sources */,
				7485CD824E8335AB23CEDBFC /* main.swift in Sources */,
			);
			runOnlyForDeploymentPostprocessing = 0;
		};
		B3BF92122D16DD7AEF97ED62 /* Sources */ = {
			isa = PBXSourcesBuildPhase;
			buildActionMask = 2147483647;
			files = (
				FAF6F1A3B35F3FB4E7AAE72C /* AuthenticationView.swift in Sources */,
				EA5E909100E371764D2ED3A5 /* CommunitasApp.swift in Sources */,
				867D92FA8F4A96764546308A /* ContentView.swift in Sources */,
				5C526272B85832BAF55BFA43 /* SidebarView.swift in Sources */,
				539F5E3B7A3A55CF5006367C /* main.swift in Sources */,
			);
			runOnlyForDeploymentPostprocessing = 0;
		};
/* End PBXSourcesBuildPhase section */

/* Begin XCBuildConfiguration section */
		87D3DDA0EEB0C2B5B2CAD3B6 /* Release */ = {
			isa = XCBuildConfiguration;
			buildSettings = {
				ASSETCATALOG_COMPILER_APPICON_NAME = AppIcon;
				CODE_SIGN_IDENTITY = "-";
				COMBINE_HIDPI_IMAGES = YES;
				CURRENT_PROJECT_VERSION = 1;
				DEBUG_INFORMATION_FORMAT = "dwarf-with-dsym";
				DEVELOPMENT_TEAM = "";
				GENERATE_INFOPLIST_FILE = YES;
				INFOPLIST_FILE = CommunitasApp/Sources/Info.plist;
				INFOPLIST_KEY_CFBundleDisplayName = Communitas;
				INFOPLIST_KEY_LSApplicationCategoryType = "public.app-category.productivity";
				INFOPLIST_KEY_NSHighResolutionCapable = YES;
				LD_RUNPATH_SEARCH_PATHS = (
					"@executable_path/../Frameworks",
					"$(PROJECT_DIR)/../target/aarch64-apple-darwin/debug",
					"$(PROJECT_DIR)/../target/aarch64-apple-darwin/release",
				);
				LIBRARY_SEARCH_PATHS = (
					"$(PROJECT_DIR)/../target/aarch64-apple-darwin/debug",
					"$(PROJECT_DIR)/../target/aarch64-apple-darwin/release",
				);
				MARKETING_VERSION = 0.1.0;
				OTHER_LDFLAGS = (
					"-lcommunitas_bindings",
					"-lc++",
					"-framework Security",
					"-framework SystemConfiguration",
				);
				PRODUCT_BUNDLE_IDENTIFIER = com.saorsalabs.communitas.macos;
				PRODUCT_NAME = Communitas;
				SDKROOT = macosx;
				SWIFT_OPTIMIZATION_LEVEL = "-Owholemodule";
				SWIFT_VERSION = 5.10;
			};
			name = Release;
		};
		A488AD23F6D74D45596928BA /* Debug */ = {
			isa = XCBuildConfiguration;
			buildSettings = {
				ASSETCATALOG_COMPILER_APPICON_NAME = AppIcon;
				CODE_SIGN_IDENTITY = "iPhone Developer";
				CURRENT_PROJECT_VERSION = 1;
				DEBUG_INFORMATION_FORMAT = "dwarf-with-dsym";
				DEVELOPMENT_TEAM = "";
				FRAMEWORK_SEARCH_PATHS = (
					"$(inherited)",
					"\".\"",
				);
				GENERATE_INFOPLIST_FILE = YES;
				HEADER_SEARCH_PATHS = (
					"$(PROJECT_DIR)/CommunitasBindings.xcframework/ios-arm64/Headers",
					"$(PROJECT_DIR)/CommunitasBindings.xcframework/ios-arm64-simulator/Headers",
				);
				INFOPLIST_FILE = CommunitasApp/Sources/Info.plist;
				INFOPLIST_KEY_CFBundleDisplayName = Communitas;
				INFOPLIST_KEY_UIApplicationSceneManifest_Generation = YES;
				INFOPLIST_KEY_UIApplicationSupportsIndirectInputEvents = YES;
				INFOPLIST_KEY_UILaunchScreen_Generation = YES;
				INFOPLIST_KEY_UISupportedInterfaceOrientations_iPad = "UIInterfaceOrientationPortrait UIInterfaceOrientationPortraitUpsideDown UIInterfaceOrientationLandscapeLeft UIInterfaceOrientationLandscapeRight";
				INFOPLIST_KEY_UISupportedInterfaceOrientations_iPhone = "UIInterfaceOrientationPortrait UIInterfaceOrientationLandscapeLeft UIInterfaceOrientationLandscapeRight";
				LD_RUNPATH_SEARCH_PATHS = (
					"$(inherited)",
					"@executable_path/Frameworks",
				);
				LIBRARY_SEARCH_PATHS = (
					"$(PROJECT_DIR)/CommunitasBindings.xcframework/ios-arm64",
					"$(PROJECT_DIR)/CommunitasBindings.xcframework/ios-arm64-simulator",
				);
				MARKETING_VERSION = 0.1.0;
				OTHER_LDFLAGS = (
					"-lcommunitas_bindings",
					"-lc++",
					"-framework Security",
					"-framework SystemConfiguration",
				);
				PRODUCT_BUNDLE_IDENTIFIER = com.saorsalabs.communitas.ios;
				PRODUCT_NAME = Communitas;
				SDKROOT = iphoneos;
				SWIFT_VERSION = 5.10;
				TARGETED_DEVICE_FAMILY = "1,2";
			};
			name = Debug;
		};
		ABB95C0C512FB73F00D13816 /* Debug */ = {
			isa = XCBuildConfiguration;
			buildSettings = {
				ASSETCATALOG_COMPILER_APPICON_NAME = AppIcon;
				CODE_SIGN_IDENTITY = "-";
				COMBINE_HIDPI_IMAGES = YES;
				CURRENT_PROJECT_VERSION = 1;
				DEBUG_INFORMATION_FORMAT = "dwarf-with-dsym";
				DEVELOPMENT_TEAM = "";
				GENERATE_INFOPLIST_FILE = YES;
				INFOPLIST_FILE = CommunitasApp/Sources/Info.plist;
				INFOPLIST_KEY_CFBundleDisplayName = Communitas;
				INFOPLIST_KEY_LSApplicationCategoryType = "public.app-category.productivity";
				INFOPLIST_KEY_NSHighResolutionCapable = YES;
				LD_RUNPATH_SEARCH_PATHS = (
					"@executable_path/../Frameworks",
					"$(PROJECT_DIR)/../target/aarch64-apple-darwin/debug",
					"$(PROJECT_DIR)/../target/aarch64-apple-darwin/release",
				);
				LIBRARY_SEARCH_PATHS = (
					"$(PROJECT_DIR)/../target/aarch64-apple-darwin/debug",
					"$(PROJECT_DIR)/../target/aarch64-apple-darwin/release",
				);
				MARKETING_VERSION = 0.1.0;
				OTHER_LDFLAGS = (
					"-lcommunitas_bindings",
					"-lc++",
					"-framework Security",
					"-framework SystemConfiguration",
				);
				PRODUCT_BUNDLE_IDENTIFIER = com.saorsalabs.communitas.macos;
				PRODUCT_NAME = Communitas;
				SDKROOT = macosx;
				SWIFT_VERSION = 5.10;
			};
			name = Debug;
		};
		AD7688CDD4638DF89FCB89B8 /* Release */ = {
			isa = XCBuildConfiguration;
			buildSettings = {
				ASSETCATALOG_COMPILER_APPICON_NAME = AppIcon;
				CODE_SIGN_IDENTITY = "iPhone Developer";
				CURRENT_PROJECT_VERSION = 1;
				DEBUG_INFORMATION_FORMAT = "dwarf-with-dsym";
				DEVELOPMENT_TEAM = "";
				FRAMEWORK_SEARCH_PATHS = (
					"$(inherited)",
					"\".\"",
				);
				GENERATE_INFOPLIST_FILE = YES;
				HEADER_SEARCH_PATHS = (
					"$(PROJECT_DIR)/CommunitasBindings.xcframework/ios-arm64/Headers",
					"$(PROJECT_DIR)/CommunitasBindings.xcframework/ios-arm64-simulator/Headers",
				);
				INFOPLIST_FILE = CommunitasApp/Sources/Info.plist;
				INFOPLIST_KEY_CFBundleDisplayName = Communitas;
				INFOPLIST_KEY_UIApplicationSceneManifest_Generation = YES;
				INFOPLIST_KEY_UIApplicationSupportsIndirectInputEvents = YES;
				INFOPLIST_KEY_UILaunchScreen_Generation = YES;
				INFOPLIST_KEY_UISupportedInterfaceOrientations_iPad = "UIInterfaceOrientationPortrait UIInterfaceOrientationPortraitUpsideDown UIInterfaceOrientationLandscapeLeft UIInterfaceOrientationLandscapeRight";
				INFOPLIST_KEY_UISupportedInterfaceOrientations_iPhone = "UIInterfaceOrientationPortrait UIInterfaceOrientationLandscapeLeft UIInterfaceOrientationLandscapeRight";
				LD_RUNPATH_SEARCH_PATHS = (
					"$(inherited)",
					"@executable_path/Frameworks",
				);
				LIBRARY_SEARCH_PATHS = (
					"$(PROJECT_DIR)/CommunitasBindings.xcframework/ios-arm64",
					"$(PROJECT_DIR)/CommunitasBindings.xcframework/ios-arm64-simulator",
				);
				MARKETING_VERSION = 0.1.0;
				OTHER_LDFLAGS = (
					"-lcommunitas_bindings",
					"-lc++",
					"-framework Security",
					"-framework SystemConfiguration",
				);
				PRODUCT_BUNDLE_IDENTIFIER = com.saorsalabs.communitas.ios;
				PRODUCT_NAME = Communitas;
				SDKROOT = iphoneos;
				SWIFT_OPTIMIZATION_LEVEL = "-Owholemodule";
				SWIFT_VERSION = 5.10;
				TARGETED_DEVICE_FAMILY = "1,2";
			};
			name = Release;
		};
		AEBF0E6776595918CED00488 /* Release */ = {
			isa = XCBuildConfiguration;
			buildSettings = {
				ALWAYS_SEARCH_USER_PATHS = NO;
				CLANG_ANALYZER_NONNULL = YES;
				CLANG_ANALYZER_NUMBER_OBJECT_CONVERSION = YES_AGGRESSIVE;
				CLANG_CXX_LANGUAGE_STANDARD = "gnu++14";
				CLANG_CXX_LIBRARY = "libc++";
				CLANG_ENABLE_MODULES = YES;
				CLANG_ENABLE_OBJC_ARC = YES;
				CLANG_ENABLE_OBJC_WEAK = YES;
				CLANG_WARN_BLOCK_CAPTURE_AUTORELEASING = YES;
				CLANG_WARN_BOOL_CONVERSION = YES;
				CLANG_WARN_COMMA = YES;
				CLANG_WARN_CONSTANT_CONVERSION = YES;
				CLANG_WARN_DEPRECATED_OBJC_IMPLEMENTATIONS = YES;
				CLANG_WARN_DIRECT_OBJC_ISA_USAGE = YES_ERROR;
				CLANG_WARN_DOCUMENTATION_COMMENTS = YES;
				CLANG_WARN_EMPTY_BODY = YES;
				CLANG_WARN_ENUM_CONVERSION = YES;
				CLANG_WARN_INFINITE_RECURSION = YES;
				CLANG_WARN_INT_CONVERSION = YES;
				CLANG_WARN_NON_LITERAL_NULL_CONVERSION = YES;
				CLANG_WARN_OBJC_IMPLICIT_RETAIN_SELF = YES;
				CLANG_WARN_OBJC_LITERAL_CONVERSION = YES;
				CLANG_WARN_OBJC_ROOT_CLASS = YES_ERROR;
				CLANG_WARN_QUOTED_INCLUDE_IN_FRAMEWORK_HEADER = YES;
				CLANG_WARN_RANGE_LOOP_ANALYSIS = YES;
				CLANG_WARN_STRICT_PROTOTYPES = YES;
				CLANG_WARN_SUSPICIOUS_MOVE = YES;
				CLANG_WARN_UNGUARDED_AVAILABILITY = YES_AGGRESSIVE;
				CLANG_WARN_UNREACHABLE_CODE = YES;
				CLANG_WARN__DUPLICATE_METHOD_MATCH = YES;
				COPY_PHASE_STRIP = NO;
				DEBUG_INFORMATION_FORMAT = "dwarf-with-dsym";
				ENABLE_NS_ASSERTIONS = NO;
				ENABLE_STRICT_OBJC_MSGSEND = YES;
				GCC_C_LANGUAGE_STANDARD = gnu11;
				GCC_NO_COMMON_BLOCKS = YES;
				GCC_WARN_64_TO_32_BIT_CONVERSION = YES;
				GCC_WARN_ABOUT_RETURN_TYPE = YES_ERROR;
				GCC_WARN_UNDECLARED_SELECTOR = YES;
				GCC_WARN_UNINITIALIZED_AUTOS = YES_AGGRESSIVE;
				GCC_WARN_UNUSED_FUNCTION = YES;
				GCC_WARN_UNUSED_VARIABLE = YES;
				IPHONEOS_DEPLOYMENT_TARGET = 16.0;
				MACOSX_DEPLOYMENT_TARGET = 14.0;
				MTL_ENABLE_DEBUG_INFO = NO;
				MTL_FAST_MATH = YES;
				PRODUCT_NAME = "$(TARGET_NAME)";
				SWIFT_COMPILATION_MODE = wholemodule;
				SWIFT_OPTIMIZATION_LEVEL = "-O";
				SWIFT_VERSION = 5.0;
			};
			name = Release;
		};
		AF0EEE350A4C4BDE3619E130 /* Debug */ = {
			isa = XCBuildConfiguration;
			buildSettings = {
				ALWAYS_SEARCH_USER_PATHS = NO;
				CLANG_ANALYZER_NONNULL = YES;
				CLANG_ANALYZER_NUMBER_OBJECT_CONVERSION = YES_AGGRESSIVE;
				CLANG_CXX_LANGUAGE_STANDARD = "gnu++14";
				CLANG_CXX_LIBRARY = "libc++";
				CLANG_ENABLE_MODULES = YES;
				CLANG_ENABLE_OBJC_ARC = YES;
				CLANG_ENABLE_OBJC_WEAK = YES;
				CLANG_WARN_BLOCK_CAPTURE_AUTORELEASING = YES;
				CLANG_WARN_BOOL_CONVERSION = YES;
				CLANG_WARN_COMMA = YES;
				CLANG_WARN_CONSTANT_CONVERSION = YES;
				CLANG_WARN_DEPRECATED_OBJC_IMPLEMENTATIONS = YES;
				CLANG_WARN_DIRECT_OBJC_ISA_USAGE = YES_ERROR;
				CLANG_WARN_DOCUMENTATION_COMMENTS = YES;
				CLANG_WARN_EMPTY_BODY = YES;
				CLANG_WARN_ENUM_CONVERSION = YES;
				CLANG_WARN_INFINITE_RECURSION = YES;
				CLANG_WARN_INT_CONVERSION = YES;
				CLANG_WARN_NON_LITERAL_NULL_CONVERSION = YES;
				CLANG_WARN_OBJC_IMPLICIT_RETAIN_SELF = YES;
				CLANG_WARN_OBJC_LITERAL_CONVERSION = YES;
				CLANG_WARN_OBJC_ROOT_CLASS = YES_ERROR;
				CLANG_WARN_QUOTED_INCLUDE_IN_FRAMEWORK_HEADER = YES;
				CLANG_WARN_RANGE_LOOP_ANALYSIS = YES;
				CLANG_WARN_STRICT_PROTOTYPES = YES;
				CLANG_WARN_SUSPICIOUS_MOVE = YES;
				CLANG_WARN_UNGUARDED_AVAILABILITY = YES_AGGRESSIVE;
				CLANG_WARN_UNREACHABLE_CODE = YES;
				CLANG_WARN__DUPLICATE_METHOD_MATCH = YES;
				COPY_PHASE_STRIP = NO;
				DEBUG_INFORMATION_FORMAT = dwarf;
				ENABLE_STRICT_OBJC_MSGSEND = YES;
				ENABLE_TESTABILITY = YES;
				GCC_C_LANGUAGE_STANDARD = gnu11;
				GCC_DYNAMIC_NO_PIC = NO;
				GCC_NO_COMMON_BLOCKS = YES;
				GCC_OPTIMIZATION_LEVEL = 0;
				GCC_PREPROCESSOR_DEFINITIONS = (
					"$(inherited)",
					"DEBUG=1",
				);
				GCC_WARN_64_TO_32_BIT_CONVERSION = YES;
				GCC_WARN_ABOUT_RETURN_TYPE = YES_ERROR;
				GCC_WARN_UNDECLARED_SELECTOR = YES;
				GCC_WARN_UNINITIALIZED_AUTOS = YES_AGGRESSIVE;
				GCC_WARN_UNUSED_FUNCTION = YES;
				GCC_WARN_UNUSED_VARIABLE = YES;
				IPHONEOS_DEPLOYMENT_TARGET = 16.0;
				MACOSX_DEPLOYMENT_TARGET = 14.0;
				MTL_ENABLE_DEBUG_INFO = INCLUDE_SOURCE;
				MTL_FAST_MATH = YES;
				ONLY_ACTIVE_ARCH = YES;
				PRODUCT_NAME = "$(TARGET_NAME)";
				SWIFT_ACTIVE_COMPILATION_CONDITIONS = DEBUG;
				SWIFT_OPTIMIZATION_LEVEL = "-Onone";
				SWIFT_VERSION = 5.0;
			};
			name = Debug;
		};
/* End XCBuildConfiguration section */

/* Begin XCConfigurationList section */
		06CE9E9D8551373CDFFDCC3F /* Build configuration list for PBXNativeTarget "Communitas-macOS" */ = {
			isa = XCConfigurationList;
			buildConfigurations = (
				ABB95C0C512FB73F00D13816 /* Debug */,
				87D3DDA0EEB0C2B5B2CAD3B6 /* Release */,
			);
			defaultConfigurationIsVisible = 0;
			defaultConfigurationName = Debug;
		};
		551640E547E97AB1BEA75B4A /* Build configuration list for PBXProject "Communitas" */ = {
			isa = XCConfigurationList;
			buildConfigurations = (
				AF0EEE350A4C4BDE3619E130 /* Debug */,
				AEBF0E6776595918CED00488 /* Release */,
			);
			defaultConfigurationIsVisible = 0;
			defaultConfigurationName = Debug;
		};
		5C5A69017170F55A5ED566E4 /* Build configuration list for PBXNativeTarget "Communitas-iOS" */ = {
			isa = XCConfigurationList;
			buildConfigurations = (
				A488AD23F6D74D45596928BA /* Debug */,
				AD7688CDD4638DF89FCB89B8 /* Release */,
			);
			defaultConfigurationIsVisible = 0;
			defaultConfigurationName = Debug;
		};
/* End XCConfigurationList section */

/* Begin XCLocalSwiftPackageReference section */
		FEF982B33FE4FD670CD22686 /* XCLocalSwiftPackageReference "CommunitasKit" */ = {
			isa = XCLocalSwiftPackageReference;
			relativePath = CommunitasKit;
		};
/* End XCLocalSwiftPackageReference section */

/* Begin XCSwiftPackageProductDependency section */
		02DEEEE3E564F1829CB84FE9 /* CommunitasKit */ = {
			isa = XCSwiftPackageProductDependency;
			productName = CommunitasKit;
		};
		A53FEE7CD2663BA01177E793 /* CommunitasKit */ = {
			isa = XCSwiftPackageProductDependency;
			productName = CommunitasKit;
		};
/* End XCSwiftPackageProductDependency section */
	};
	rootObject = C0FE919F0E1E3D04A0A75FC7 /* Project object */;
}
